PODS:
  - Alamofire (4.0.1)
  - Locksmith (3.0.0)
  - SwiftyJSON (3.1.0)

DEPENDENCIES:
  - Alamofire (~> 4.0)
  - Locksmith (~> 3.0)
  - SwiftyJSON (~> 3.1)

SPEC CHECKSUMS:
  Alamofire: 7682d43245de14874acd142ec137b144aa1dd335
  Locksmith: 310b4cc5031af5728bf4db5d4de547a5100c6a3b
  SwiftyJSON: 29b9f2a64f118c07e691667c2ba1efe536acfe0b

PODFILE CHECKSUM: d04f6700cb4fbfdda47d8b50da1a6bb5fbc75652

COCOAPODS: 1.1.0.beta.2
